# THIS IS AN AUTOGENERATED FILE. DO NOT EDIT THIS FILE DIRECTLY.
# yarn lockfile v1


"@babel/runtime@^7.1.2", "@babel/runtime@^7.4.0":
  version "7.5.5"
  resolved "https://registry.yarnpkg.com/@babel/runtime/-/runtime-7.5.5.tgz#74fba56d35efbeca444091c7850ccd494fd2f132"
  integrity sha512-28QvEGyQyNkB0/m2B4FU7IEZGK2NUrcMtT6BZEFALTguLk+AUT6ofsHtPk5QyjAdUkpMJ+/Em+quwz4HOt30AQ==
  dependencies:
    regenerator-runtime "^0.13.2"

"@okmarvin/january@^1.15.13":
  version "1.15.13"
  resolved "https://registry.yarnpkg.com/@okmarvin/january/-/january-1.15.13.tgz#13476b91a18897005ff7bad6e5aad4821da0aa91"
  integrity sha512-ui0chiCLgkGVtRG/HBMDpmYuE+IAn6xqmFUiSPbd9SOagqg4gIg8Js5e4J8n+t6ny4ulz9QsiHzfBar7PgaKEg==
  dependencies:
    "@okmarvin/slug" "^0.0.8"
    date-fns "^1.30.1"
    jsxstyle "^2.1.5"
    lodash "^4.17.11"
    prismjs "^1.15.0"
    react "^16.8.6"
    react-dom "^16.8.6"
    react-router-dom "^5.0.1"
    sanitize.css "^11.0.0"

"@okmarvin/slug@^0.0.8":
  version "0.0.8"
  resolved "https://registry.yarnpkg.com/@okmarvin/slug/-/slug-0.0.8.tgz#26209ef2829bdb2816cd24c1ed62dc9814c5a2a6"
  integrity sha512-gHPLNvbdXPvh8+dgQOBgwDbPkyUAB/Y1FIERISsoGeij/xuSZLnQdlb5l1J2gBbmZ4t6cw+8YdtKtWWgLEgh2A==
  dependencies:
    github-slugger "^1.2.0"

clipboard@^2.0.0:
  version "2.0.4"
  resolved "https://registry.yarnpkg.com/clipboard/-/clipboard-2.0.4.tgz#836dafd66cf0fea5d71ce5d5b0bf6e958009112d"
  integrity sha512-Vw26VSLRpJfBofiVaFb/I8PVfdI1OxKcYShe6fm0sP/DtmiWQNCjhM/okTvdCo0G+lMMm1rMYbk4IK4x1X+kgQ==
  dependencies:
    good-listener "^1.2.2"
    select "^1.1.2"
    tiny-emitter "^2.0.0"

csstype@^2.5.7:
  version "2.6.6"
  resolved "https://registry.yarnpkg.com/csstype/-/csstype-2.6.6.tgz#c34f8226a94bbb10c32cc0d714afdf942291fc41"
  integrity sha512-RpFbQGUE74iyPgvr46U9t1xoQBM8T4BL8SxrN66Le2xYAPSaDJJKeztV3awugusb3g3G9iL8StmkBBXhcbbXhg==

date-fns@^1.30.1:
  version "1.30.1"
  resolved "https://registry.yarnpkg.com/date-fns/-/date-fns-1.30.1.tgz#2e71bf0b119153dbb4cc4e88d9ea5acfb50dc05c"
  integrity sha512-hBSVCvSmWC+QypYObzwGOd9wqdDpOt+0wl0KbU+R+uuZBS1jN8VsD1ss3irQDknRj5NvxiTF6oj/nDRnN/UQNw==

delegate@^3.1.2:
  version "3.2.0"
  resolved "https://registry.yarnpkg.com/delegate/-/delegate-3.2.0.tgz#b66b71c3158522e8ab5744f720d8ca0c2af59166"
  integrity sha512-IofjkYBZaZivn0V8nnsMJGBr4jVLxHDheKSW88PyxS5QC4Vo9ZbZVvhzlSxY87fVq3STR6r+4cGepyHkcWOQSw==

"emoji-regex@>=6.0.0 <=6.1.1":
  version "6.1.1"
  resolved "https://registry.yarnpkg.com/emoji-regex/-/emoji-regex-6.1.1.tgz#c6cd0ec1b0642e2a3c67a1137efc5e796da4f88e"
  integrity sha1-xs0OwbBkLio8Z6ETfvxeeW2k+I4=

github-slugger@^1.2.0:
  version "1.2.1"
  resolved "https://registry.yarnpkg.com/github-slugger/-/github-slugger-1.2.1.tgz#47e904e70bf2dccd0014748142d31126cfd49508"
  integrity sha512-SsZUjg/P03KPzQBt7OxJPasGw6NRO5uOgiZ5RGXVud5iSIZ0eNZeNp5rTwCxtavrRUa/A77j8mePVc5lEvk0KQ==
  dependencies:
    emoji-regex ">=6.0.0 <=6.1.1"

good-listener@^1.2.2:
  version "1.2.2"
  resolved "https://registry.yarnpkg.com/good-listener/-/good-listener-1.2.2.tgz#d53b30cdf9313dffb7dc9a0d477096aa6d145c50"
  integrity sha1-1TswzfkxPf+33JoNR3CWqm0UXFA=
  dependencies:
    delegate "^3.1.2"

gud@^1.0.0:
  version "1.0.0"
  resolved "https://registry.yarnpkg.com/gud/-/gud-1.0.0.tgz#a489581b17e6a70beca9abe3ae57de7a499852c0"
  integrity sha512-zGEOVKFM5sVPPrYs7J5/hYEw2Pof8KCyOwyhG8sAF26mCAeUFAcYPu1mwB7hhpIP29zOIBaDqwuHdLp0jvZXjw==

history@^4.9.0:
  version "4.9.0"
  resolved "https://registry.yarnpkg.com/history/-/history-4.9.0.tgz#84587c2068039ead8af769e9d6a6860a14fa1bca"
  integrity sha512-H2DkjCjXf0Op9OAr6nJ56fcRkTSNrUiv41vNJ6IswJjif6wlpZK0BTfFbi7qK9dXLSYZxkq5lBsj3vUjlYBYZA==
  dependencies:
    "@babel/runtime" "^7.1.2"
    loose-envify "^1.2.0"
    resolve-pathname "^2.2.0"
    tiny-invariant "^1.0.2"
    tiny-warning "^1.0.0"
    value-equal "^0.4.0"

hoist-non-react-statics@^3.1.0:
  version "3.3.0"
  resolved "https://registry.yarnpkg.com/hoist-non-react-statics/-/hoist-non-react-statics-3.3.0.tgz#b09178f0122184fb95acf525daaecb4d8f45958b"
  integrity sha512-0XsbTXxgiaCDYDIWFcwkmerZPSwywfUqYmwT4jzewKTQSWoE6FCMoUVOeBJWK3E/CrWbxRG3m5GzY4lnIwGRBA==
  dependencies:
    react-is "^16.7.0"

isarray@0.0.1:
  version "0.0.1"
  resolved "https://registry.yarnpkg.com/isarray/-/isarray-0.0.1.tgz#8a18acfca9a8f4177e09abfc6038939b05d1eedf"
  integrity sha1-ihis/Kmo9Bd+Cav8YDiTmwXR7t8=

"js-tokens@^3.0.0 || ^4.0.0":
  version "4.0.0"
  resolved "https://registry.yarnpkg.com/js-tokens/-/js-tokens-4.0.0.tgz#19203fb59991df98e3a287050d4647cdeaf32499"
  integrity sha512-RdJUflcE3cUzKiMqQgsCu06FPu9UdIJO0beYbPhHN4k6apgJtifcoCtT9bcxOpYBtpD2kCM6Sbzg4CausW/PKQ==

jsxstyle-utils@^2.1.5:
  version "2.1.5"
  resolved "https://registry.yarnpkg.com/jsxstyle-utils/-/jsxstyle-utils-2.1.5.tgz#c49990af96ad70e6940e611e64101219051319ef"
  integrity sha512-a6Is5V/GXTwjns2T8+ZByk0LF4FR3SDOicKPpXXK3d36ivs/Y4hPnDJTnVpoIOm3ZWJnasCTpTeq9BlpfmAGig==
  dependencies:
    csstype "^2.5.7"

jsxstyle@^2.1.5:
  version "2.1.5"
  resolved "https://registry.yarnpkg.com/jsxstyle/-/jsxstyle-2.1.5.tgz#539f727f3f6240fc2472bffe12a8cc1a05085700"
  integrity sha512-OPGUV54ErFckMXXRyMPm95o+ZBZhYzuyV9N4k9bjbYAu1oVWYQ6FQ5Z6C7VZA9z49XvmdqtSpT3KT+zm/rs9RA==
  dependencies:
    jsxstyle-utils "^2.1.5"

lodash@^4.17.11:
  version "4.17.13"
  resolved "https://registry.yarnpkg.com/lodash/-/lodash-4.17.13.tgz#0bdc3a6adc873d2f4e0c4bac285df91b64fc7b93"
  integrity sha512-vm3/XWXfWtRua0FkUyEHBZy8kCPjErNBT9fJx8Zvs+U6zjqPbTUOpkaoum3O5uiA8sm+yNMHXfYkTUHFoMxFNA==

loose-envify@^1.1.0, loose-envify@^1.2.0, loose-envify@^1.3.1, loose-envify@^1.4.0:
  version "1.4.0"
  resolved "https://registry.yarnpkg.com/loose-envify/-/loose-envify-1.4.0.tgz#71ee51fa7be4caec1a63839f7e682d8132d30caf"
  integrity sha512-lyuxPGr/Wfhrlem2CL/UcnUc1zcqKAImBDzukY7Y5F/yQiNdko6+fRLevlw1HgMySw7f611UIY408EtxRSoK3Q==
  dependencies:
    js-tokens "^3.0.0 || ^4.0.0"

mini-create-react-context@^0.3.0:
  version "0.3.2"
  resolved "https://registry.yarnpkg.com/mini-create-react-context/-/mini-create-react-context-0.3.2.tgz#79fc598f283dd623da8e088b05db8cddab250189"
  integrity sha512-2v+OeetEyliMt5VHMXsBhABoJ0/M4RCe7fatd/fBy6SMiKazUSEt3gxxypfnk2SHMkdBYvorHRoQxuGoiwbzAw==
  dependencies:
    "@babel/runtime" "^7.4.0"
    gud "^1.0.0"
    tiny-warning "^1.0.2"

object-assign@^4.1.1:
  version "4.1.1"
  resolved "https://registry.yarnpkg.com/object-assign/-/object-assign-4.1.1.tgz#2109adc7965887cfc05cbbd442cac8bfbb360863"
  integrity sha1-IQmtx5ZYh8/AXLvUQsrIv7s2CGM=

path-to-regexp@^1.7.0:
  version "1.7.0"
  resolved "https://registry.yarnpkg.com/path-to-regexp/-/path-to-regexp-1.7.0.tgz#59fde0f435badacba103a84e9d3bc64e96b9937d"
  integrity sha1-Wf3g9DW62suhA6hOnTvGTpa5k30=
  dependencies:
    isarray "0.0.1"

prismjs@^1.15.0:
  version "1.16.0"
  resolved "https://registry.yarnpkg.com/prismjs/-/prismjs-1.16.0.tgz#406eb2c8aacb0f5f0f1167930cb83835d10a4308"
  integrity sha512-OA4MKxjFZHSvZcisLGe14THYsug/nF6O1f0pAJc0KN0wTyAcLqmsbE+lTGKSpyh+9pEW57+k6pg2AfYR+coyHA==
  optionalDependencies:
    clipboard "^2.0.0"

prop-types@^15.6.2:
  version "15.7.2"
  resolved "https://registry.yarnpkg.com/prop-types/-/prop-types-15.7.2.tgz#52c41e75b8c87e72b9d9360e0206b99dcbffa6c5"
  integrity sha512-8QQikdH7//R2vurIJSutZ1smHYTcLpRWEOlHnzcWHmBYrOGUysKwSsrC89BCiFj3CbrfJ/nXFdJepOVrY1GCHQ==
  dependencies:
    loose-envify "^1.4.0"
    object-assign "^4.1.1"
    react-is "^16.8.1"

react-dom@^16.8.6:
  version "16.8.6"
  resolved "https://registry.yarnpkg.com/react-dom/-/react-dom-16.8.6.tgz#71d6303f631e8b0097f56165ef608f051ff6e10f"
  integrity sha512-1nL7PIq9LTL3fthPqwkvr2zY7phIPjYrT0jp4HjyEQrEROnw4dG41VVwi/wfoCneoleqrNX7iAD+pXebJZwrwA==
  dependencies:
    loose-envify "^1.1.0"
    object-assign "^4.1.1"
    prop-types "^15.6.2"
    scheduler "^0.13.6"

react-is@^16.6.0, react-is@^16.7.0, react-is@^16.8.1:
  version "16.8.6"
  resolved "https://registry.yarnpkg.com/react-is/-/react-is-16.8.6.tgz#5bbc1e2d29141c9fbdfed456343fe2bc430a6a16"
  integrity sha512-aUk3bHfZ2bRSVFFbbeVS4i+lNPZr3/WM5jT2J5omUVV1zzcs1nAaf3l51ctA5FFvCRbhrH0bdAsRRQddFJZPtA==

react-router-dom@^5.0.1:
  version "5.0.1"
  resolved "https://registry.yarnpkg.com/react-router-dom/-/react-router-dom-5.0.1.tgz#ee66f4a5d18b6089c361958e443489d6bab714be"
  integrity sha512-zaVHSy7NN0G91/Bz9GD4owex5+eop+KvgbxXsP/O+iW1/Ln+BrJ8QiIR5a6xNPtrdTvLkxqlDClx13QO1uB8CA==
  dependencies:
    "@babel/runtime" "^7.1.2"
    history "^4.9.0"
    loose-envify "^1.3.1"
    prop-types "^15.6.2"
    react-router "5.0.1"
    tiny-invariant "^1.0.2"
    tiny-warning "^1.0.0"

react-router@5.0.1:
  version "5.0.1"
  resolved "https://registry.yarnpkg.com/react-router/-/react-router-5.0.1.tgz#04ee77df1d1ab6cb8939f9f01ad5702dbadb8b0f"
  integrity sha512-EM7suCPNKb1NxcTZ2LEOWFtQBQRQXecLxVpdsP4DW4PbbqYWeRiLyV/Tt1SdCrvT2jcyXAXmVTmzvSzrPR63Bg==
  dependencies:
    "@babel/runtime" "^7.1.2"
    history "^4.9.0"
    hoist-non-react-statics "^3.1.0"
    loose-envify "^1.3.1"
    mini-create-react-context "^0.3.0"
    path-to-regexp "^1.7.0"
    prop-types "^15.6.2"
    react-is "^16.6.0"
    tiny-invariant "^1.0.2"
    tiny-warning "^1.0.0"

react@^16.8.6:
  version "16.8.6"
  resolved "https://registry.yarnpkg.com/react/-/react-16.8.6.tgz#ad6c3a9614fd3a4e9ef51117f54d888da01f2bbe"
  integrity sha512-pC0uMkhLaHm11ZSJULfOBqV4tIZkx87ZLvbbQYunNixAAvjnC+snJCg0XQXn9VIsttVsbZP/H/ewzgsd5fxKXw==
  dependencies:
    loose-envify "^1.1.0"
    object-assign "^4.1.1"
    prop-types "^15.6.2"
    scheduler "^0.13.6"

regenerator-runtime@^0.13.2:
  version "0.13.2"
  resolved "https://registry.yarnpkg.com/regenerator-runtime/-/regenerator-runtime-0.13.2.tgz#32e59c9a6fb9b1a4aff09b4930ca2d4477343447"
  integrity sha512-S/TQAZJO+D3m9xeN1WTI8dLKBBiRgXBlTJvbWjCThHWZj9EvHK70Ff50/tYj2J/fvBY6JtFVwRuazHN2E7M9BA==

resolve-pathname@^2.2.0:
  version "2.2.0"
  resolved "https://registry.yarnpkg.com/resolve-pathname/-/resolve-pathname-2.2.0.tgz#7e9ae21ed815fd63ab189adeee64dc831eefa879"
  integrity sha512-bAFz9ld18RzJfddgrO2e/0S2O81710++chRMUxHjXOYKF6jTAMrUNZrEZ1PvV0zlhfjidm08iRPdTLPno1FuRg==

sanitize.css@^11.0.0:
  version "11.0.0"
  resolved "https://registry.yarnpkg.com/sanitize.css/-/sanitize.css-11.0.0.tgz#29bb394c0543616f31cd8c58fcba8323a60e2ef6"
  integrity sha512-Ox0X2lk0kOGeODJgT9S9HFv0j5Cz89ir9ILylj62/vejHPdMmahmetfocoQwyiAnseeXyDa+KIbO6ZQJe5n2Lg==

scheduler@^0.13.6:
  version "0.13.6"
  resolved "https://registry.yarnpkg.com/scheduler/-/scheduler-0.13.6.tgz#466a4ec332467b31a91b9bf74e5347072e4cd889"
  integrity sha512-IWnObHt413ucAYKsD9J1QShUKkbKLQQHdxRyw73sw4FN26iWr3DY/H34xGPe4nmL1DwXyWmSWmMrA9TfQbE/XQ==
  dependencies:
    loose-envify "^1.1.0"
    object-assign "^4.1.1"

select@^1.1.2:
  version "1.1.2"
  resolved "https://registry.yarnpkg.com/select/-/select-1.1.2.tgz#0e7350acdec80b1108528786ec1d4418d11b396d"
  integrity sha1-DnNQrN7ICxEIUoeG7B1EGNEbOW0=

tiny-emitter@^2.0.0:
  version "2.1.0"
  resolved "https://registry.yarnpkg.com/tiny-emitter/-/tiny-emitter-2.1.0.tgz#1d1a56edfc51c43e863cbb5382a72330e3555423"
  integrity sha512-NB6Dk1A9xgQPMoGqC5CVXn123gWyte215ONT5Pp5a0yt4nlEoO1ZWeCwpncaekPHXO60i47ihFnZPiRPjRMq4Q==

tiny-invariant@^1.0.2:
  version "1.0.6"
  resolved "https://registry.yarnpkg.com/tiny-invariant/-/tiny-invariant-1.0.6.tgz#b3f9b38835e36a41c843a3b0907a5a7b3755de73"
  integrity sha512-FOyLWWVjG+aC0UqG76V53yAWdXfH8bO6FNmyZOuUrzDzK8DI3/JRY25UD7+g49JWM1LXwymsKERB+DzI0dTEQA==

tiny-warning@^1.0.0, tiny-warning@^1.0.2:
  version "1.0.3"
  resolved "https://registry.yarnpkg.com/tiny-warning/-/tiny-warning-1.0.3.tgz#94a30db453df4c643d0fd566060d60a875d84754"
  integrity sha512-lBN9zLN/oAf68o3zNXYrdCt1kP8WsiGW8Oo2ka41b2IM5JL/S1CTyX1rW0mb/zSuJun0ZUrDxx4sqvYS2FWzPA==

value-equal@^0.4.0:
  version "0.4.0"
  resolved "https://registry.yarnpkg.com/value-equal/-/value-equal-0.4.0.tgz#c5bdd2f54ee093c04839d71ce2e4758a6890abc7"
  integrity sha512-x+cYdNnaA3CxvMaTX0INdTCN8m8aF2uY9BvEqmxuYp8bL09cs/kWVQPVGcA35fMktdOsP69IgU7wFj/61dJHEw==
